
Microsoft Visual Studio Solution File, Format Version 12.00
# Visual Studio Version 17
VisualStudioVersion = 17.7.34202.233
MinimumVisualStudioVersion = 10.0.40219.1
Project("{FAE04EC0-301F-11D3-BF4B-00C04F79EFBC}") = "SAonGPU", "SAonGPU\SAonGPU.csproj", "{8AE5728B-9EF2-45D0-88BB-06F36C1AF305}"
EndProject
Global
	GlobalSection(SolutionConfigurationPlatforms) = preSolution
		Debug|Any CPU = Debug|Any CPU
		Release|Any CPU = Release|Any CPU
	EndGlobalSection
	GlobalSection(ProjectConfigurationPlatforms) = postSolution
		{8AE5728B-9EF2-45D0-88BB-06F36C1AF305}.Debug|Any CPU.ActiveCfg = Debug|Any CPU
		{8AE5728B-9EF2-45D0-88BB-06F36C1AF305}.Debug|Any CPU.Build.0 = Debug|Any CPU
		{8AE5728B-9EF2-45D0-88BB-06F36C1AF305}.Release|Any CPU.ActiveCfg = Release|Any CPU
		{8AE5728B-9EF2-45D0-88BB-06F36C1AF305}.Release|Any CPU.Build.0 = Release|Any CPU
	EndGlobalSection
	GlobalSection(SolutionProperties) = preSolution
		HideSolutionNode = FALSE
	EndGlobalSection
	GlobalSection(ExtensibilityGlobals) = postSolution
		SolutionGuid = {6F5F5985-1E72-4DD7-8B48-CDE1C34C39CF}
	EndGlobalSection
EndGlobal
